
Microsoft Visual Studio Solution File, Format Version 12.00
# Visual Studio Version 16
VisualStudioVersion = 16.0.32002.261
MinimumVisualStudioVersion = 10.0.40219.1
Project("{FAE04EC0-301F-11D3-BF4B-00C04F79EFBC}") = "Samazon", "Samazon.csproj", "{7B17FC32-C7C3-41DE-B8E2-4209DE11CFBD}"
EndProject
Global
	GlobalSection(SolutionConfigurationPlatforms) = preSolution
		Debug|Any CPU = Debug|Any CPU
		Release|Any CPU = Release|Any CPU
	EndGlobalSection
	GlobalSection(ProjectConfigurationPlatforms) = postSolution
		{7B17FC32-C7C3-41DE-B8E2-4209DE11CFBD}.Debug|Any CPU.ActiveCfg = Debug|Any CPU
		{7B17FC32-C7C3-41DE-B8E2-4209DE11CFBD}.Debug|Any CPU.Build.0 = Debug|Any CPU
		{7B17FC32-C7C3-41DE-B8E2-4209DE11CFBD}.Release|Any CPU.ActiveCfg = Release|Any CPU
		{7B17FC32-C7C3-41DE-B8E2-4209DE11CFBD}.Release|Any CPU.Build.0 = Release|Any CPU
	EndGlobalSection
	GlobalSection(SolutionProperties) = preSolution
		HideSolutionNode = FALSE
	EndGlobalSection
	GlobalSection(ExtensibilityGlobals) = postSolution
		SolutionGuid = {38F4A529-5698-4F72-844D-7B2473D15E0D}
	EndGlobalSection
EndGlobal
